// !$*UTF8*$!
{
	archiveVersion = 1;
	classes = {
	};
	objectVersion = 56;
	objects = {

/* Begin PBXBuildFile section */
		23B186192AEDD6F200A5DC08 /* CubeCVApp.swift in Sources */ = {isa = PBXBuildFile; fileRef = 23B186182AEDD6F200A5DC08 /* CubeCVApp.swift */; };
		23B1861B2AEDD6F200A5DC08 /* ContentView.swift in Sources */ = {isa = PBXBuildFile; fileRef = 23B1861A2AEDD6F200A5DC08 /* ContentView.swift */; };
		23B1861D2AEDD6F300A5DC08 /* Assets.xcassets in Resources */ = {isa = PBXBuildFile; fileRef = 23B1861C2AEDD6F300A5DC08 /* Assets.xcassets */; };
		23B186202AEDD6F300A5DC08 /* Preview Assets.xcassets in Resources */ = {isa = PBXBuildFile; fileRef = 23B1861F2AEDD6F300A5DC08 /* Preview Assets.xcassets */; };
		23B186272AEDD74400A5DC08 /* Camera.swift in Sources */ = {isa = PBXBuildFile; fileRef = 23B186262AEDD74400A5DC08 /* Camera.swift */; };
		23B186292AEDE44100A5DC08 /* VideoFrameController.swift in Sources */ = {isa = PBXBuildFile; fileRef = 23B186282AEDE44100A5DC08 /* VideoFrameController.swift */; };
		23B186332AEECA8700A5DC08 /* identify.cpp in Sources */ = {isa = PBXBuildFile; fileRef = 23B186312AEECA8700A5DC08 /* identify.cpp */; };
		23B186362AEECB5C00A5DC08 /* Bridge.mm in Sources */ = {isa = PBXBuildFile; fileRef = 23B186352AEECB5C00A5DC08 /* Bridge.mm */; };
		23B186392AEECC0900A5DC08 /* opencv2.framework in Frameworks */ = {isa = PBXBuildFile; fileRef = 23B186372AEECBE100A5DC08 /* opencv2.framework */; };
/* End PBXBuildFile section */

/* Begin PBXFileReference section */
		23B186152AEDD6F200A5DC08 /* CubeCV.app */ = {isa = PBXFileReference; explicitFileType = wrapper.application; includeInIndex = 0; path = CubeCV.app; sourceTree = BUILT_PRODUCTS_DIR; };
		23B186182AEDD6F200A5DC08 /* CubeCVApp.swift */ = {isa = PBXFileReference; lastKnownFileType = sourcecode.swift; path = CubeCVApp.swift; sourceTree = "<group>"; };
		23B1861A2AEDD6F200A5DC08 /* ContentView.swift */ = {isa = PBXFileReference; lastKnownFileType = sourcecode.swift; path = ContentView.swift; sourceTree = "<group>"; };
		23B1861C2AEDD6F300A5DC08 /* Assets.xcassets */ = {isa = PBXFileReference; lastKnownFileType = folder.assetcatalog; path = Assets.xcassets; sourceTree = "<group>"; };
		23B1861F2AEDD6F300A5DC08 /* Preview Assets.xcassets */ = {isa = PBXFileReference; lastKnownFileType = folder.assetcatalog; path = "Preview Assets.xcassets"; sourceTree = "<group>"; };
		23B186262AEDD74400A5DC08 /* Camera.swift */ = {isa = PBXFileReference; lastKnownFileType = sourcecode.swift; path = Camera.swift; sourceTree = "<group>"; };
		23B186282AEDE44100A5DC08 /* VideoFrameController.swift */ = {isa = PBXFileReference; lastKnownFileType = sourcecode.swift; path = VideoFrameController.swift; sourceTree = "<group>"; };
		23B1862A2AEDE66A00A5DC08 /* Info.plist */ = {isa = PBXFileReference; lastKnownFileType = text.plist; path = Info.plist; sourceTree = "<group>"; };
		23B186302AEECA8700A5DC08 /* CubeCV-Bridging-Header.h */ = {isa = PBXFileReference; lastKnownFileType = sourcecode.c.h; path = "CubeCV-Bridging-Header.h"; sourceTree = "<group>"; };
		23B186312AEECA8700A5DC08 /* identify.cpp */ = {isa = PBXFileReference; lastKnownFileType = sourcecode.cpp.cpp; path = identify.cpp; sourceTree = "<group>"; };
		23B186322AEECA8700A5DC08 /* identify.hpp */ = {isa = PBXFileReference; lastKnownFileType = sourcecode.cpp.h; path = identify.hpp; sourceTree = "<group>"; };
		23B186342AEECAF500A5DC08 /* Bridge.h */ = {isa = PBXFileReference; lastKnownFileType = sourcecode.c.h; path = Bridge.h; sourceTree = "<group>"; };
		23B186352AEECB5C00A5DC08 /* Bridge.mm */ = {isa = PBXFileReference; lastKnownFileType = sourcecode.cpp.objcpp; path = Bridge.mm; sourceTree = "<group>"; };
		23B186372AEECBE100A5DC08 /* opencv2.framework */ = {isa = PBXFileReference; lastKnownFileType = wrapper.framework; path = opencv2.framework; sourceTree = "<group>"; };
/* End PBXFileReference section */

/* Begin PBXFrameworksBuildPhase section */
		23B186122AEDD6F200A5DC08 /* Frameworks */ = {
			isa = PBXFrameworksBuildPhase;
			buildActionMask = 2147483647;
			files = (
				23B186392AEECC0900A5DC08 /* opencv2.framework in Frameworks */,
			);
			runOnlyForDeploymentPostprocessing = 0;
		};
/* End PBXFrameworksBuildPhase section */

/* Begin PBXGroup section */
		23B1860C2AEDD6F200A5DC08 = {
			isa = PBXGroup;
			children = (
				23B186372AEECBE100A5DC08 /* opencv2.framework */,
				23B186312AEECA8700A5DC08 /* identify.cpp */,
				23B186322AEECA8700A5DC08 /* identify.hpp */,
				23B186172AEDD6F200A5DC08 /* CubeCV */,
				23B186162AEDD6F200A5DC08 /* Products */,
				23B186302AEECA8700A5DC08 /* CubeCV-Bridging-Header.h */,
				23B186342AEECAF500A5DC08 /* Bridge.h */,
				23B186352AEECB5C00A5DC08 /* Bridge.mm */,
			);
			sourceTree = "<group>";
		};
		23B186162AEDD6F200A5DC08 /* Products */ = {
			isa = PBXGroup;
			children = (
				23B186152AEDD6F200A5DC08 /* CubeCV.app */,
			);
			name = Products;
			sourceTree = "<group>";
		};
		23B186172AEDD6F200A5DC08 /* CubeCV */ = {
			isa = PBXGroup;
			children = (
				23B1862A2AEDE66A00A5DC08 /* Info.plist */,
				23B186182AEDD6F200A5DC08 /* CubeCVApp.swift */,
				23B1861A2AEDD6F200A5DC08 /* ContentView.swift */,
				23B1861C2AEDD6F300A5DC08 /* Assets.xcassets */,
				23B1861E2AEDD6F300A5DC08 /* Preview Content */,
				23B186262AEDD74400A5DC08 /* Camera.swift */,
				23B186282AEDE44100A5DC08 /* VideoFrameController.swift */,
			);
			path = CubeCV;
			sourceTree = "<group>";
		};
		23B1861E2AEDD6F300A5DC08 /* Preview Content */ = {
			isa = PBXGroup;
			children = (
				23B1861F2AEDD6F300A5DC08 /* Preview Assets.xcassets */,
			);
			path = "Preview Content";
			sourceTree = "<group>";
		};
/* End PBXGroup section */

/* Begin PBXNativeTarget section */
		23B186142AEDD6F200A5DC08 /* CubeCV */ = {
			isa = PBXNativeTarget;
			buildConfigurationList = 23B186232AEDD6F300A5DC08 /* Build configuration list for PBXNativeTarget "CubeCV" */;
			buildPhases = (
				23B186112AEDD6F200A5DC08 /* Sources */,
				23B186122AEDD6F200A5DC08 /* Frameworks */,
				23B186132AEDD6F200A5DC08 /* Resources */,
			);
			buildRules = (
			);
			dependencies = (
			);
			name = CubeCV;
			productName = CubeCV;
			productReference = 23B186152AEDD6F200A5DC08 /* CubeCV.app */;
			productType = "com.apple.product-type.application";
		};
/* End PBXNativeTarget section */

/* Begin PBXProject section */
		23B1860D2AEDD6F200A5DC08 /* Project object */ = {
			isa = PBXProject;
			attributes = {
				BuildIndependentTargetsInParallel = 1;
				LastSwiftUpdateCheck = 1500;
				LastUpgradeCheck = 1500;
				TargetAttributes = {
					23B186142AEDD6F200A5DC08 = {
						CreatedOnToolsVersion = 15.0.1;
						LastSwiftMigration = 1500;
					};
				};
			};
			buildConfigurationList = 23B186102AEDD6F200A5DC08 /* Build configuration list for PBXProject "CubeCV" */;
			compatibilityVersion = "Xcode 14.0";
			developmentRegion = en;
			hasScannedForEncodings = 0;
			knownRegions = (
				en,
				Base,
			);
			mainGroup = 23B1860C2AEDD6F200A5DC08;
			productRefGroup = 23B186162AEDD6F200A5DC08 /* Products */;
			projectDirPath = "";
			projectRoot = "";
			targets = (
				23B186142AEDD6F200A5DC08 /* CubeCV */,
			);
		};
/* End PBXProject section */

/* Begin PBXResourcesBuildPhase section */
		23B186132AEDD6F200A5DC08 /* Resources */ = {
			isa = PBXResourcesBuildPhase;
			buildActionMask = 2147483647;
			files = (
				23B186202AEDD6F300A5DC08 /* Preview Assets.xcassets in Resources */,
				23B1861D2AEDD6F300A5DC08 /* Assets.xcassets in Resources */,
			);
			runOnlyForDeploymentPostprocessing = 0;
		};
/* End PBXResourcesBuildPhase section */

/* Begin PBXSourcesBuildPhase section */
		23B186112AEDD6F200A5DC08 /* Sources */ = {
			isa = PBXSourcesBuildPhase;
			buildActionMask = 2147483647;
			files = (
				23B186332AEECA8700A5DC08 /* identify.cpp in Sources */,
				23B1861B2AEDD6F200A5DC08 /* ContentView.swift in Sources */,
				23B186192AEDD6F200A5DC08 /* CubeCVApp.swift in Sources */,
				23B186272AEDD74400A5DC08 /* Camera.swift in Sources */,
				23B186362AEECB5C00A5DC08 /* Bridge.mm in Sources */,
				23B186292AEDE44100A5DC08 /* VideoFrameController.swift in Sources */,
			);
			runOnlyForDeploymentPostprocessing = 0;
		};
/* End PBXSourcesBuildPhase section */

/* Begin XCBuildConfiguration section */
		23B186212AEDD6F300A5DC08 /* Debug */ = {
			isa = XCBuildConfiguration;
			buildSettings = {
				ALWAYS_SEARCH_USER_PATHS = NO;
				ASSETCATALOG_COMPILER_GENERATE_SWIFT_ASSET_SYMBOL_EXTENSIONS = YES;
				CLANG_ANALYZER_NONNULL = YES;
				CLANG_ANALYZER_NUMBER_OBJECT_CONVERSION = YES_AGGRESSIVE;
				CLANG_CXX_LANGUAGE_STANDARD = "gnu++20";
				CLANG_ENABLE_MODULES = YES;
				CLANG_ENABLE_OBJC_ARC = YES;
				CLANG_ENABLE_OBJC_WEAK = YES;
				CLANG_WARN_BLOCK_CAPTURE_AUTORELEASING = YES;
				CLANG_WARN_BOOL_CONVERSION = YES;
				CLANG_WARN_COMMA = YES;
				CLANG_WARN_CONSTANT_CONVERSION = YES;
				CLANG_WARN_DEPRECATED_OBJC_IMPLEMENTATIONS = YES;
				CLANG_WARN_DIRECT_OBJC_ISA_USAGE = YES_ERROR;
				CLANG_WARN_DOCUMENTATION_COMMENTS = YES;
				CLANG_WARN_EMPTY_BODY = YES;
				CLANG_WARN_ENUM_CONVERSION = YES;
				CLANG_WARN_INFINITE_RECURSION = YES;
				CLANG_WARN_INT_CONVERSION = YES;
				CLANG_WARN_NON_LITERAL_NULL_CONVERSION = YES;
				CLANG_WARN_OBJC_IMPLICIT_RETAIN_SELF = YES;
				CLANG_WARN_OBJC_LITERAL_CONVERSION = YES;
				CLANG_WARN_OBJC_ROOT_CLASS = YES_ERROR;
				CLANG_WARN_QUOTED_INCLUDE_IN_FRAMEWORK_HEADER = YES;
				CLANG_WARN_RANGE_LOOP_ANALYSIS = YES;
				CLANG_WARN_STRICT_PROTOTYPES = YES;
				CLANG_WARN_SUSPICIOUS_MOVE = YES;
				CLANG_WARN_UNGUARDED_AVAILABILITY = YES_AGGRESSIVE;
				CLANG_WARN_UNREACHABLE_CODE = YES;
				CLANG_WARN__DUPLICATE_METHOD_MATCH = YES;
				COPY_PHASE_STRIP = NO;
				DEBUG_INFORMATION_FORMAT = dwarf;
				ENABLE_STRICT_OBJC_MSGSEND = YES;
				ENABLE_TESTABILITY = YES;
				ENABLE_USER_SCRIPT_SANDBOXING = YES;
				GCC_C_LANGUAGE_STANDARD = gnu17;
				GCC_DYNAMIC_NO_PIC = NO;
				GCC_NO_COMMON_BLOCKS = YES;
				GCC_OPTIMIZATION_LEVEL = 0;
				GCC_PREPROCESSOR_DEFINITIONS = (
					"DEBUG=1",
					"$(inherited)",
				);
				GCC_WARN_64_TO_32_BIT_CONVERSION = YES;
				GCC_WARN_ABOUT_RETURN_TYPE = YES_ERROR;
				GCC_WARN_UNDECLARED_SELECTOR = YES;
				GCC_WARN_UNINITIALIZED_AUTOS = YES_AGGRESSIVE;
				GCC_WARN_UNUSED_FUNCTION = YES;
				GCC_WARN_UNUSED_VARIABLE = YES;
				IPHONEOS_DEPLOYMENT_TARGET = 17.0;
				LOCALIZATION_PREFERS_STRING_CATALOGS = YES;
				MTL_ENABLE_DEBUG_INFO = INCLUDE_SOURCE;
				MTL_FAST_MATH = YES;
				ONLY_ACTIVE_ARCH = YES;
				SDKROOT = iphoneos;
				SWIFT_ACTIVE_COMPILATION_CONDITIONS = "DEBUG $(inherited)";
				SWIFT_OPTIMIZATION_LEVEL = "-Onone";
			};
			name = Debug;
		};
		23B186222AEDD6F300A5DC08 /* Release */ = {
			isa = XCBuildConfiguration;
			buildSettings = {
				ALWAYS_SEARCH_USER_PATHS = NO;
				ASSETCATALOG_COMPILER_GENERATE_SWIFT_ASSET_SYMBOL_EXTENSIONS = YES;
				CLANG_ANALYZER_NONNULL = YES;
				CLANG_ANALYZER_NUMBER_OBJECT_CONVERSION = YES_AGGRESSIVE;
				CLANG_CXX_LANGUAGE_STANDARD = "gnu++20";
				CLANG_ENABLE_MODULES = YES;
				CLANG_ENABLE_OBJC_ARC = YES;
				CLANG_ENABLE_OBJC_WEAK = YES;
				CLANG_WARN_BLOCK_CAPTURE_AUTORELEASING = YES;
				CLANG_WARN_BOOL_CONVERSION = YES;
				CLANG_WARN_COMMA = YES;
				CLANG_WARN_CONSTANT_CONVERSION = YES;
				CLANG_WARN_DEPRECATED_OBJC_IMPLEMENTATIONS = YES;
				CLANG_WARN_DIRECT_OBJC_ISA_USAGE = YES_ERROR;
				CLANG_WARN_DOCUMENTATION_COMMENTS = YES;
				CLANG_WARN_EMPTY_BODY = YES;
				CLANG_WARN_ENUM_CONVERSION = YES;
				CLANG_WARN_INFINITE_RECURSION = YES;
				CLANG_WARN_INT_CONVERSION = YES;
				CLANG_WARN_NON_LITERAL_NULL_CONVERSION = YES;
				CLANG_WARN_OBJC_IMPLICIT_RETAIN_SELF = YES;
				CLANG_WARN_OBJC_LITERAL_CONVERSION = YES;
				CLANG_WARN_OBJC_ROOT_CLASS = YES_ERROR;
				CLANG_WARN_QUOTED_INCLUDE_IN_FRAMEWORK_HEADER = YES;
				CLANG_WARN_RANGE_LOOP_ANALYSIS = YES;
				CLANG_WARN_STRICT_PROTOTYPES = YES;
				CLANG_WARN_SUSPICIOUS_MOVE = YES;
				CLANG_WARN_UNGUARDED_AVAILABILITY = YES_AGGRESSIVE;
				CLANG_WARN_UNREACHABLE_CODE = YES;
				CLANG_WARN__DUPLICATE_METHOD_MATCH = YES;
				COPY_PHASE_STRIP = NO;
				DEBUG_INFORMATION_FORMAT = "dwarf-with-dsym";
				ENABLE_NS_ASSERTIONS = NO;
				ENABLE_STRICT_OBJC_MSGSEND = YES;
				ENABLE_USER_SCRIPT_SANDBOXING = YES;
				GCC_C_LANGUAGE_STANDARD = gnu17;
				GCC_NO_COMMON_BLOCKS = YES;
				GCC_WARN_64_TO_32_BIT_CONVERSION = YES;
				GCC_WARN_ABOUT_RETURN_TYPE = YES_ERROR;
				GCC_WARN_UNDECLARED_SELECTOR = YES;
				GCC_WARN_UNINITIALIZED_AUTOS = YES_AGGRESSIVE;
				GCC_WARN_UNUSED_FUNCTION = YES;
				GCC_WARN_UNUSED_VARIABLE = YES;
				IPHONEOS_DEPLOYMENT_TARGET = 17.0;
				LOCALIZATION_PREFERS_STRING_CATALOGS = YES;
				MTL_ENABLE_DEBUG_INFO = NO;
				MTL_FAST_MATH = YES;
				SDKROOT = iphoneos;
				SWIFT_COMPILATION_MODE = wholemodule;
				VALIDATE_PRODUCT = YES;
			};
			name = Release;
		};
		23B186242AEDD6F300A5DC08 /* Debug */ = {
			isa = XCBuildConfiguration;
			buildSettings = {
				ASSETCATALOG_COMPILER_APPICON_NAME = AppIcon;
				ASSETCATALOG_COMPILER_GLOBAL_ACCENT_COLOR_NAME = AccentColor;
				CLANG_ENABLE_MODULES = YES;
				CODE_SIGN_STYLE = Automatic;
				CURRENT_PROJECT_VERSION = 1;
				DEVELOPMENT_ASSET_PATHS = "\"CubeCV/Preview Content\"";
				DEVELOPMENT_TEAM = 52VS5QG4YD;
				ENABLE_PREVIEWS = YES;
				FRAMEWORK_SEARCH_PATHS = (
					"$(inherited)",
					"$(PROJECT_DIR)",
				);
				GENERATE_INFOPLIST_FILE = YES;
				INFOPLIST_FILE = CubeCV/Info.plist;
				INFOPLIST_KEY_NSCameraUsageDescription = "For camera";
				INFOPLIST_KEY_UIApplicationSceneManifest_Generation = YES;
				INFOPLIST_KEY_UIApplicationSupportsIndirectInputEvents = YES;
				INFOPLIST_KEY_UILaunchScreen_Generation = YES;
				INFOPLIST_KEY_UISupportedInterfaceOrientations_iPad = "UIInterfaceOrientationPortrait UIInterfaceOrientationPortraitUpsideDown UIInterfaceOrientationLandscapeLeft UIInterfaceOrientationLandscapeRight";
				INFOPLIST_KEY_UISupportedInterfaceOrientations_iPhone = "UIInterfaceOrientationPortrait UIInterfaceOrientationLandscapeLeft UIInterfaceOrientationLandscapeRight";
				LD_RUNPATH_SEARCH_PATHS = (
					"$(inherited)",
					"@executable_path/Frameworks",
				);
				MARKETING_VERSION = 1.0;
				PRODUCT_BUNDLE_IDENTIFIER = pdt.CubeCV;
				PRODUCT_NAME = "$(TARGET_NAME)";
				SWIFT_EMIT_LOC_STRINGS = YES;
				SWIFT_OBJC_BRIDGING_HEADER = "CubeCV-Bridging-Header.h";
				SWIFT_OPTIMIZATION_LEVEL = "-Onone";
				SWIFT_VERSION = 5.0;
				TARGETED_DEVICE_FAMILY = "1,2";
			};
			name = Debug;
		};
		23B186252AEDD6F300A5DC08 /* Release */ = {
			isa = XCBuildConfiguration;
			buildSettings = {
				ASSETCATALOG_COMPILER_APPICON_NAME = AppIcon;
				ASSETCATALOG_COMPILER_GLOBAL_ACCENT_COLOR_NAME = AccentColor;
				CLANG_ENABLE_MODULES = YES;
				CODE_SIGN_STYLE = Automatic;
				CURRENT_PROJECT_VERSION = 1;
				DEVELOPMENT_ASSET_PATHS = "\"CubeCV/Preview Content\"";
				DEVELOPMENT_TEAM = 52VS5QG4YD;
				ENABLE_PREVIEWS = YES;
				FRAMEWORK_SEARCH_PATHS = (
					"$(inherited)",
					"$(PROJECT_DIR)",
				);
				GENERATE_INFOPLIST_FILE = YES;
				INFOPLIST_FILE = CubeCV/Info.plist;
				INFOPLIST_KEY_NSCameraUsageDescription = "For camera";
				INFOPLIST_KEY_UIApplicationSceneManifest_Generation = YES;
				INFOPLIST_KEY_UIApplicationSupportsIndirectInputEvents = YES;
				INFOPLIST_KEY_UILaunchScreen_Generation = YES;
				INFOPLIST_KEY_UISupportedInterfaceOrientations_iPad = "UIInterfaceOrientationPortrait UIInterfaceOrientationPortraitUpsideDown UIInterfaceOrientationLandscapeLeft UIInterfaceOrientationLandscapeRight";
				INFOPLIST_KEY_UISupportedInterfaceOrientations_iPhone = "UIInterfaceOrientationPortrait UIInterfaceOrientationLandscapeLeft UIInterfaceOrientationLandscapeRight";
				LD_RUNPATH_SEARCH_PATHS = (
					"$(inherited)",
					"@executable_path/Frameworks",
				);
				MARKETING_VERSION = 1.0;
				PRODUCT_BUNDLE_IDENTIFIER = pdt.CubeCV;
				PRODUCT_NAME = "$(TARGET_NAME)";
				SWIFT_EMIT_LOC_STRINGS = YES;
				SWIFT_OBJC_BRIDGING_HEADER = "CubeCV-Bridging-Header.h";
				SWIFT_VERSION = 5.0;
				TARGETED_DEVICE_FAMILY = "1,2";
			};
			name = Release;
		};
/* End XCBuildConfiguration section */

/* Begin XCConfigurationList section */
		23B186102AEDD6F200A5DC08 /* Build configuration list for PBXProject "CubeCV" */ = {
			isa = XCConfigurationList;
			buildConfigurations = (
				23B186212AEDD6F300A5DC08 /* Debug */,
				23B186222AEDD6F300A5DC08 /* Release */,
			);
			defaultConfigurationIsVisible = 0;
			defaultConfigurationName = Release;
		};
		23B186232AEDD6F300A5DC08 /* Build configuration list for PBXNativeTarget "CubeCV" */ = {
			isa = XCConfigurationList;
			buildConfigurations = (
				23B186242AEDD6F300A5DC08 /* Debug */,
				23B186252AEDD6F300A5DC08 /* Release */,
			);
			defaultConfigurationIsVisible = 0;
			defaultConfigurationName = Release;
		};
/* End XCConfigurationList section */
	};
	rootObject = 23B1860D2AEDD6F200A5DC08 /* Project object */;
}
